
Microsoft Visual Studio Solution File, Format Version 12.00
# Visual Studio 15
Project("{FAE04EC0-301F-11D3-BF4B-00C04F79EFBC}") = "VuforiaScripts", "VuforiaScripts.csproj", "{86F26779-4751-0FD8-E258-5602E0F36B75}"
EndProject
Project("{FAE04EC0-301F-11D3-BF4B-00C04F79EFBC}") = "VuforiaEditorScripts", "VuforiaEditorScripts.csproj", "{65885DCC-4BF1-566B-5326-148FCD81A9F7}"
EndProject
Global
	GlobalSection(SolutionConfigurationPlatforms) = preSolution
		Debug|Any CPU = Debug|Any CPU
		Release|Any CPU = Release|Any CPU
	EndGlobalSection
	GlobalSection(ProjectConfigurationPlatforms) = postSolution
		{86F26779-4751-0FD8-E258-5602E0F36B75}.Debug|Any CPU.ActiveCfg = Debug|Any CPU
		{86F26779-4751-0FD8-E258-5602E0F36B75}.Debug|Any CPU.Build.0 = Debug|Any CPU
		{86F26779-4751-0FD8-E258-5602E0F36B75}.Release|Any CPU.ActiveCfg = Release|Any CPU
		{86F26779-4751-0FD8-E258-5602E0F36B75}.Release|Any CPU.Build.0 = Release|Any CPU
		{65885DCC-4BF1-566B-5326-148FCD81A9F7}.Debug|Any CPU.ActiveCfg = Debug|Any CPU
		{65885DCC-4BF1-566B-5326-148FCD81A9F7}.Debug|Any CPU.Build.0 = Debug|Any CPU
		{65885DCC-4BF1-566B-5326-148FCD81A9F7}.Release|Any CPU.ActiveCfg = Release|Any CPU
		{65885DCC-4BF1-566B-5326-148FCD81A9F7}.Release|Any CPU.Build.0 = Release|Any CPU
	EndGlobalSection
	GlobalSection(SolutionProperties) = preSolution
		HideSolutionNode = FALSE
	EndGlobalSection
EndGlobal
